
Microsoft Visual Studio Solution File, Format Version 12.00
# Visual Studio 15
VisualStudioVersion = 15.0.28010.2046
MinimumVisualStudioVersion = 10.0.40219.1
Project("{FAE04EC0-301F-11D3-BF4B-00C04F79EFBC}") = "PartOne", "PartOne\PartOne.csproj", "{8681C0A6-81A4-41A2-9DAA-F463CDC4B4F2}"
EndProject
Project("{FAE04EC0-301F-11D3-BF4B-00C04F79EFBC}") = "PartTwo", "PartTwo\PartTwo.csproj", "{E1D6EE57-4D6D-40D2-A940-A3EFE3CA17DF}"
EndProject
Global
	GlobalSection(SolutionConfigurationPlatforms) = preSolution
		Debug|Any CPU = Debug|Any CPU
		Release|Any CPU = Release|Any CPU
	EndGlobalSection
	GlobalSection(ProjectConfigurationPlatforms) = postSolution
		{8681C0A6-81A4-41A2-9DAA-F463CDC4B4F2}.Debug|Any CPU.ActiveCfg = Debug|Any CPU
		{8681C0A6-81A4-41A2-9DAA-F463CDC4B4F2}.Debug|Any CPU.Build.0 = Debug|Any CPU
		{8681C0A6-81A4-41A2-9DAA-F463CDC4B4F2}.Release|Any CPU.ActiveCfg = Release|Any CPU
		{8681C0A6-81A4-41A2-9DAA-F463CDC4B4F2}.Release|Any CPU.Build.0 = Release|Any CPU
		{E1D6EE57-4D6D-40D2-A940-A3EFE3CA17DF}.Debug|Any CPU.ActiveCfg = Debug|Any CPU
		{E1D6EE57-4D6D-40D2-A940-A3EFE3CA17DF}.Debug|Any CPU.Build.0 = Debug|Any CPU
		{E1D6EE57-4D6D-40D2-A940-A3EFE3CA17DF}.Release|Any CPU.ActiveCfg = Release|Any CPU
		{E1D6EE57-4D6D-40D2-A940-A3EFE3CA17DF}.Release|Any CPU.Build.0 = Release|Any CPU
	EndGlobalSection
	GlobalSection(SolutionProperties) = preSolution
		HideSolutionNode = FALSE
	EndGlobalSection
	GlobalSection(ExtensibilityGlobals) = postSolution
		SolutionGuid = {C1020BF0-6679-48F5-A41A-CCDCB5479F50}
	EndGlobalSection
EndGlobal
